{
  "lockfile_version": "1",
  "packages": {
    "github:NixOS/nixpkgs/nixpkgs-unstable": {
      "last_modified": "2026-06-02T02:01:59Z",
      "resolved": "github:NixOS/nixpkgs/ffa10e26ae11d676b2db836259889f1f571cb14f?lastModified=1780365719&narHash=sha256-QfWfccTN%2B70ZQ4m2qlU9PiKfz2Yppq94058iJyARNwc%3D"
    },
    "jq@latest": {
      "last_modified": "2026-06-01T17:55:45Z",
      "resolved": "github:NixOS/nixpkgs/4df1b885d76a54e1aa1a318f8d16fd6005b6401f#jq",
      "source": "devbox-search",
      "version": "1.8.1",
      "systems": {
        "aarch64-darwin": {
          "outputs": [
            {
              "name": "bin",
              "path": "/nix/store/d551vj6hjc2bqiyg8dim6lv1v1xw7841-jq-1.8.1-bin",
              "default": true
            },
            {
              "name": "man",
              "path": "/nix/store/cyykpwx7q87ryqyhkz4slm163300rzjh-jq-1.8.1-man",
              "default": true
            },
            {
              "name": "dev",
              "path": "/nix/store/dy2cgp8adlm5gl3hkpykcgccv4dlhawb-jq-1.8.1-dev"
            },
            {
              "name": "doc",
              "path": "/nix/store/afjz34n0jz7a0zjjp6qkvnxqph53ifbw-jq-1.8.1-doc"
            },
            {
              "name": "out",
              "path": "/nix/store/yj3m8xi9h48mz4i7732zcwbqbb8bl402-jq-1.8.1"
            }
          ],
          "store_path": "/nix/store/d551vj6hjc2bqiyg8dim6lv1v1xw7841-jq-1.8.1-bin"
        },
        "aarch64-linux": {
          "outputs": [
            {
              "name": "bin",
              "path": "/nix/store/d6mx57dmjq61j69ap45f6fm3jb0lslyc-jq-1.8.1-bin",
              "default": true
            },
            {
              "name": "man",
              "path": "/nix/store/bnwzc47h7zhc3zwkjmy4br8jd2ki9pyj-jq-1.8.1-man",
              "default": true
            },
            {
              "name": "doc",
              "path": "/nix/store/fway55wsvvly58sz7zn7vlq68v0q1ig3-jq-1.8.1-doc"
            },
            {
              "name": "out",
              "path": "/nix/store/6y9n87w9lsk3x0fscm6kfirk3ssc0syr-jq-1.8.1"
            },
            {
              "name": "dev",
              "path": "/nix/store/qv69wdjr2zd2w6yg5n8lxfn6c8mg4bwf-jq-1.8.1-dev"
            }
          ],
          "store_path": "/nix/store/d6mx57dmjq61j69ap45f6fm3jb0lslyc-jq-1.8.1-bin"
        },
        "x86_64-darwin": {
          "outputs": [
            {
              "name": "bin",
              "path": "/nix/store/pnm2frw3jwfrlycf730z5bfgixiyjal4-jq-1.8.1-bin",
              "default": true
            },
            {
              "name": "man",
              "path": "/nix/store/0yyamki3lhy0rp6vn45mn6cdhqb2c64a-jq-1.8.1-man",
              "default": true
            },
            {
              "name": "dev",
              "path": "/nix/store/hg1vhcfr1lwv39vn84cijdn187jmcfnj-jq-1.8.1-dev"
            },
            {
              "name": "doc",
              "path": "/nix/store/mzarfihn2c84s6qw7zp0rbbj7hb09dv2-jq-1.8.1-doc"
            },
            {
              "name": "out",
              "path": "/nix/store/8c9m07iqwczlfzx1sk0c5g2a9nnzvhc3-jq-1.8.1"
            }
          ],
          "store_path": "/nix/store/pnm2frw3jwfrlycf730z5bfgixiyjal4-jq-1.8.1-bin"
        },
        "x86_64-linux": {
          "outputs": [
            {
              "name": "bin",
              "path": "/nix/store/s04d6wm3kqjdgr7zdhlk214f6a2291ks-jq-1.8.1-bin",
              "default": true
            },
            {
              "name": "man",
              "path": "/nix/store/ncw52xsl5hgplh8csybbp9fli64iw1aq-jq-1.8.1-man",
              "default": true
            },
            {
              "name": "dev",
              "path": "/nix/store/fmsvbcz2s85pmszdvwp4mhlamiv5lnzg-jq-1.8.1-dev"
            },
            {
              "name": "doc",
              "path": "/nix/store/hhh2h4x4rhh6qbqa6620bvhz652cgw4m-jq-1.8.1-doc"
            },
            {
              "name": "out",
              "path": "/nix/store/7a1hndk12kz9wwh9sz8hzkkwgxq6rrnk-jq-1.8.1"
            }
          ],
          "store_path": "/nix/store/s04d6wm3kqjdgr7zdhlk214f6a2291ks-jq-1.8.1-bin"
        }
      }
    },
    "opentofu@latest": {
      "last_modified": "2026-05-29T05:01:12Z",
      "resolved": "github:NixOS/nixpkgs/e9a7635a57597d9754eccebdfc7045e6c8600e6b#opentofu",
      "source": "devbox-search",
      "version": "1.12.1",
      "systems": {
        "aarch64-darwin": {
          "outputs": [
            {
              "name": "out",
              "path": "/nix/store/pdmkqjqml48g720dqcsf6r243m9hfpis-opentofu-1.12.1",
              "default": true
            }
          ],
          "store_path": "/nix/store/pdmkqjqml48g720dqcsf6r243m9hfpis-opentofu-1.12.1"
        },
        "aarch64-linux": {
          "outputs": [
            {
              "name": "out",
              "path": "/nix/store/wsc97vvjw9vxzh9l6n62akjpgkjx0yj3-opentofu-1.12.1",
              "default": true
            }
          ],
          "store_path": "/nix/store/wsc97vvjw9vxzh9l6n62akjpgkjx0yj3-opentofu-1.12.1"
        },
        "x86_64-darwin": {
          "outputs": [
            {
              "name": "out",
              "path": "/nix/store/vy10n911r2bq2jpyarfd7krb3h94rigc-opentofu-1.12.1",
              "default": true
            }
          ],
          "store_path": "/nix/store/vy10n911r2bq2jpyarfd7krb3h94rigc-opentofu-1.12.1"
        },
        "x86_64-linux": {
          "outputs": [
            {
              "name": "out",
              "path": "/nix/store/yp4yp9jvs8lhymvxpm2z0nk91fb2sy61-opentofu-1.12.1",
              "default": true
            }
          ],
          "store_path": "/nix/store/yp4yp9jvs8lhymvxpm2z0nk91fb2sy61-opentofu-1.12.1"
        }
      }
    },
    "sops@latest": {
      "last_modified": "2026-05-21T08:15:18Z",
      "resolved": "github:NixOS/nixpkgs/4a29d733e8a7d5b824c3d8c958a946a9867b3eb2#sops",
      "source": "devbox-search",
      "version": "3.13.1",
      "systems": {
        "aarch64-darwin": {
          "outputs": [
            {
              "name": "out",
              "path": "/nix/store/j433ly18f1787pxcwv7kk3jg9h9rcq13-sops-3.13.1",
              "default": true
            }
          ],
          "store_path": "/nix/store/j433ly18f1787pxcwv7kk3jg9h9rcq13-sops-3.13.1"
        },
        "aarch64-linux": {
          "outputs": [
            {
              "name": "out",
              "path": "/nix/store/pj10jlcdgx8239613lphflqqjcxnr26v-sops-3.13.1",
              "default": true
            }
          ],
          "store_path": "/nix/store/pj10jlcdgx8239613lphflqqjcxnr26v-sops-3.13.1"
        },
        "x86_64-darwin": {
          "outputs": [
            {
              "name": "out",
              "path": "/nix/store/gnz4qz85gim63730wdc4nk9zra8kcjrm-sops-3.13.1",
              "default": true
            }
          ],
          "store_path": "/nix/store/gnz4qz85gim63730wdc4nk9zra8kcjrm-sops-3.13.1"
        },
        "x86_64-linux": {
          "outputs": [
            {
              "name": "out",
              "path": "/nix/store/yzsjydzzq2vza6l136879f5cwn3ni2d5-sops-3.13.1",
              "default": true
            }
          ],
          "store_path": "/nix/store/yzsjydzzq2vza6l136879f5cwn3ni2d5-sops-3.13.1"
        }
      }
    },
    "terraform@latest": {
      "last_modified": "2026-05-25T07:42:19Z",
      "resolved": "github:NixOS/nixpkgs/f9d8b65950353691ab56561e7c73d2e1063d810b#terraform",
      "source": "devbox-search",
      "version": "1.15.4",
      "systems": {
        "aarch64-darwin": {
          "outputs": [
            {
              "name": "out",
              "path": "/nix/store/b3g7bcs3c488nynqgf69nmp21a216zn2-terraform-1.15.4",
              "default": true
            }
          ],
          "store_path": "/nix/store/b3g7bcs3c488nynqgf69nmp21a216zn2-terraform-1.15.4"
        },
        "aarch64-linux": {
          "outputs": [
            {
              "name": "out",
              "path": "/nix/store/20mldv2b972p0i1ih90gqs9q5g4hiiqy-terraform-1.15.4",
              "default": true
            }
          ],
          "store_path": "/nix/store/20mldv2b972p0i1ih90gqs9q5g4hiiqy-terraform-1.15.4"
        },
        "x86_64-darwin": {
          "outputs": [
            {
              "name": "out",
              "path": "/nix/store/dnpsdja0l688j8mmqg7br34siwlahsqz-terraform-1.15.4",
              "default": true
            }
          ],
          "store_path": "/nix/store/dnpsdja0l688j8mmqg7br34siwlahsqz-terraform-1.15.4"
        },
        "x86_64-linux": {
          "outputs": [
            {
              "name": "out",
              "path": "/nix/store/f8yvzw63qd1mc44d8bx6hq7smr7zvxnr-terraform-1.15.4",
              "default": true
            }
          ],
          "store_path": "/nix/store/f8yvzw63qd1mc44d8bx6hq7smr7zvxnr-terraform-1.15.4"
        }
      }
    },
    "terraformer@latest": {
      "last_modified": "2026-05-21T08:15:18Z",
      "resolved": "github:NixOS/nixpkgs/4a29d733e8a7d5b824c3d8c958a946a9867b3eb2#terraformer",
      "source": "devbox-search",
      "version": "0.8.30",
      "systems": {
        "aarch64-darwin": {
          "outputs": [
            {
              "name": "out",
              "path": "/nix/store/fhagjrdsmw1fcqh7wis0wc7flj9d3pzy-terraformer-0.8.30",
              "default": true
            }
          ],
          "store_path": "/nix/store/fhagjrdsmw1fcqh7wis0wc7flj9d3pzy-terraformer-0.8.30"
        },
        "aarch64-linux": {
          "outputs": [
            {
              "name": "out",
              "path": "/nix/store/narb3xli951rbr2r5wx61fg7d4nr8mki-terraformer-0.8.30",
              "default": true
            }
          ],
          "store_path": "/nix/store/narb3xli951rbr2r5wx61fg7d4nr8mki-terraformer-0.8.30"
        },
        "x86_64-darwin": {
          "outputs": [
            {
              "name": "out",
              "path": "/nix/store/0hhd6i00fpi6fyds2lgp80hj91wzx7ky-terraformer-0.8.30",
              "default": true
            }
          ],
          "store_path": "/nix/store/0hhd6i00fpi6fyds2lgp80hj91wzx7ky-terraformer-0.8.30"
        },
        "x86_64-linux": {
          "outputs": [
            {
              "name": "out",
              "path": "/nix/store/axwlkchpd3gfxsdwcq2fp31sx14sv81d-terraformer-0.8.30",
              "default": true
            }
          ],
          "store_path": "/nix/store/axwlkchpd3gfxsdwcq2fp31sx14sv81d-terraformer-0.8.30"
        }
      }
    },
    "tflint@latest": {
      "last_modified": "2026-05-21T08:15:18Z",
      "resolved": "github:NixOS/nixpkgs/4a29d733e8a7d5b824c3d8c958a946a9867b3eb2#tflint",
      "source": "devbox-search",
      "version": "0.61.0",
      "systems": {
        "aarch64-darwin": {
          "outputs": [
            {
              "name": "out",
              "path": "/nix/store/d9j0dpm8271j2ggd8vp3shay5d75b1na-tflint-0.61.0",
              "default": true
            }
          ],
          "store_path": "/nix/store/d9j0dpm8271j2ggd8vp3shay5d75b1na-tflint-0.61.0"
        },
        "aarch64-linux": {
          "outputs": [
            {
              "name": "out",
              "path": "/nix/store/m3qby4mz1bdsdxz9ja6y6q6p2w2yiir8-tflint-0.61.0",
              "default": true
            }
          ],
          "store_path": "/nix/store/m3qby4mz1bdsdxz9ja6y6q6p2w2yiir8-tflint-0.61.0"
        },
        "x86_64-darwin": {
          "outputs": [
            {
              "name": "out",
              "path": "/nix/store/ab0vwf5qvsrncdwdhmfpns6s0kffxmz9-tflint-0.61.0",
              "default": true
            }
          ],
          "store_path": "/nix/store/ab0vwf5qvsrncdwdhmfpns6s0kffxmz9-tflint-0.61.0"
        },
        "x86_64-linux": {
          "outputs": [
            {
              "name": "out",
              "path": "/nix/store/8ziiind68hcy2ypsra29afkzis8and6q-tflint-0.61.0",
              "default": true
            }
          ],
          "store_path": "/nix/store/8ziiind68hcy2ypsra29afkzis8and6q-tflint-0.61.0"
        }
      }
    },
    "trivy@latest": {
      "last_modified": "2026-05-21T08:15:18Z",
      "resolved": "github:NixOS/nixpkgs/4a29d733e8a7d5b824c3d8c958a946a9867b3eb2#trivy",
      "source": "devbox-search",
      "version": "0.69.3",
      "systems": {
        "aarch64-darwin": {
          "outputs": [
            {
              "name": "out",
              "path": "/nix/store/azr6y098ln4mq43zapvg86i4875khk92-trivy-0.69.3",
              "default": true
            }
          ],
          "store_path": "/nix/store/azr6y098ln4mq43zapvg86i4875khk92-trivy-0.69.3"
        },
        "aarch64-linux": {
          "outputs": [
            {
              "name": "out",
              "path": "/nix/store/qhrymnysnwm3qfchhjs4fp2wzv7zg3mm-trivy-0.69.3",
              "default": true
            }
          ],
          "store_path": "/nix/store/qhrymnysnwm3qfchhjs4fp2wzv7zg3mm-trivy-0.69.3"
        },
        "x86_64-darwin": {
          "outputs": [
            {
              "name": "out",
              "path": "/nix/store/1k9712gmvd6h4bwrca5qg7hg67d5k8kr-trivy-0.69.3",
              "default": true
            }
          ],
          "store_path": "/nix/store/1k9712gmvd6h4bwrca5qg7hg67d5k8kr-trivy-0.69.3"
        },
        "x86_64-linux": {
          "outputs": [
            {
              "name": "out",
              "path": "/nix/store/ggln1qc9sfld4fg6k6f7v3ybpdx7ca46-trivy-0.69.3",
              "default": true
            }
          ],
          "store_path": "/nix/store/ggln1qc9sfld4fg6k6f7v3ybpdx7ca46-trivy-0.69.3"
        }
      }
    },
    "yq-go@latest": {
      "last_modified": "2026-05-21T08:15:18Z",
      "resolved": "github:NixOS/nixpkgs/4a29d733e8a7d5b824c3d8c958a946a9867b3eb2#yq-go",
      "source": "devbox-search",
      "version": "4.53.2",
      "systems": {
        "aarch64-darwin": {
          "outputs": [
            {
              "name": "out",
              "path": "/nix/store/6fgh5bnsfx5abbdvr1ncd6r11yrm5cw2-yq-go-4.53.2",
              "default": true
            }
          ],
          "store_path": "/nix/store/6fgh5bnsfx5abbdvr1ncd6r11yrm5cw2-yq-go-4.53.2"
        },
        "aarch64-linux": {
          "outputs": [
            {
              "name": "out",
              "path": "/nix/store/3hsajqhhm8m9nx306jh09m1qz4idwmxk-yq-go-4.53.2",
              "default": true
            }
          ],
          "store_path": "/nix/store/3hsajqhhm8m9nx306jh09m1qz4idwmxk-yq-go-4.53.2"
        },
        "x86_64-darwin": {
          "outputs": [
            {
              "name": "out",
              "path": "/nix/store/nyb7m5nd3qpx4y50sd8l86796hglwrfg-yq-go-4.53.2",
              "default": true
            }
          ],
          "store_path": "/nix/store/nyb7m5nd3qpx4y50sd8l86796hglwrfg-yq-go-4.53.2"
        },
        "x86_64-linux": {
          "outputs": [
            {
              "name": "out",
              "path": "/nix/store/pibhm258wp416plqdaxym4z6lis8ksla-yq-go-4.53.2",
              "default": true
            }
          ],
          "store_path": "/nix/store/pibhm258wp416plqdaxym4z6lis8ksla-yq-go-4.53.2"
        }
      }
    }
  }
}
