{
  "lockfile_version": "1",
  "packages": {
    "github:NixOS/nixpkgs/nixpkgs-unstable": {
      "last_modified": "2026-06-02T02:01:59Z",
      "resolved": "github:NixOS/nixpkgs/ffa10e26ae11d676b2db836259889f1f571cb14f?lastModified=1780365719&narHash=sha256-QfWfccTN%2B70ZQ4m2qlU9PiKfz2Yppq94058iJyARNwc%3D"
    },
    "jq@1.8.2": {
      "last_modified": "2026-08-27T07:16:00Z",
      "resolved": "github:NixOS/nixpkgs/c27cdad491a991b11ed731760aa2ef8db0cb0410#jq",
      "source": "devbox-search",
      "version": "1.8.2",
      "systems": {
        "aarch64-darwin": {
          "outputs": [
            {
              "name": "bin",
              "path": "/nix/store/d01nk4ck93bwlzwbnnb1qf1kv4d94a09-jq-1.8.2-bin",
              "default": true
            },
            {
              "name": "man",
              "path": "/nix/store/s1d0597z830wrhza2g5b6i9a4a0jis8a-jq-1.8.2-man",
              "default": true
            },
            {
              "name": "dev",
              "path": "/nix/store/mf170p9ynrn0g7s5i8kw655i1q4dxl6y-jq-1.8.2-dev"
            },
            {
              "name": "doc",
              "path": "/nix/store/bhalwqvdympjhs6gj584d29bga0l8q3s-jq-1.8.2-doc"
            },
            {
              "name": "out",
              "path": "/nix/store/bpfcs06n720irpzril2mh6z59ddafhzx-jq-1.8.2"
            }
          ],
          "store_path": "/nix/store/d01nk4ck93bwlzwbnnb1qf1kv4d94a09-jq-1.8.2-bin"
        },
        "aarch64-linux": {
          "outputs": [
            {
              "name": "bin",
              "path": "/nix/store/hrr6n4qkb2j2rqh7a1jda0yc9gpa8h4d-jq-1.8.2-bin",
              "default": true
            },
            {
              "name": "man",
              "path": "/nix/store/y3rq55wvfwpfy45nmz6yc2vxgcr1zns5-jq-1.8.2-man",
              "default": true
            },
            {
              "name": "dev",
              "path": "/nix/store/xi52wx9sndkrrzp5wy2d8nrw1hysm8hc-jq-1.8.2-dev"
            },
            {
              "name": "doc",
              "path": "/nix/store/frrdd4c55msxdrd3fmyadyry5dwnnysd-jq-1.8.2-doc"
            },
            {
              "name": "out",
              "path": "/nix/store/qjpdggb1lyay7wv5a0p9j9cvj9y3j2a6-jq-1.8.2"
            }
          ],
          "store_path": "/nix/store/hrr6n4qkb2j2rqh7a1jda0yc9gpa8h4d-jq-1.8.2-bin"
        },
        "x86_64-linux": {
          "outputs": [
            {
              "name": "bin",
              "path": "/nix/store/xvd6920kffyyshg7mbw5wvfk6lg9wfkl-jq-1.8.2-bin",
              "default": true
            },
            {
              "name": "man",
              "path": "/nix/store/n36fiv9a8p19bcj6cyjfgmb0l9s55qfn-jq-1.8.2-man",
              "default": true
            },
            {
              "name": "dev",
              "path": "/nix/store/qavm4f7d2wm4s9v1ck90n200y20x95fm-jq-1.8.2-dev"
            },
            {
              "name": "doc",
              "path": "/nix/store/2ga5gcahn4vr0b5fmlinxbz1w2m4qm5g-jq-1.8.2-doc"
            },
            {
              "name": "out",
              "path": "/nix/store/d91mwgs15hv4ajza7jn6axyiwa07ga7m-jq-1.8.2"
            }
          ],
          "store_path": "/nix/store/xvd6920kffyyshg7mbw5wvfk6lg9wfkl-jq-1.8.2-bin"
        }
      }
    },
    "opentofu@1.12.5": {
      "last_modified": "2026-08-27T07:16:00Z",
      "resolved": "github:NixOS/nixpkgs/c27cdad491a991b11ed731760aa2ef8db0cb0410#opentofu",
      "source": "devbox-search",
      "version": "1.12.5",
      "systems": {
        "aarch64-darwin": {
          "outputs": [
            {
              "name": "out",
              "path": "/nix/store/wyjxz9lkbh6ymr92psp2shv9ayx8qm2y-opentofu-1.12.5",
              "default": true
            }
          ],
          "store_path": "/nix/store/wyjxz9lkbh6ymr92psp2shv9ayx8qm2y-opentofu-1.12.5"
        },
        "aarch64-linux": {
          "outputs": [
            {
              "name": "out",
              "path": "/nix/store/rvgf26p7s59aappi8avad3f23f00ng6q-opentofu-1.12.5",
              "default": true
            }
          ],
          "store_path": "/nix/store/rvgf26p7s59aappi8avad3f23f00ng6q-opentofu-1.12.5"
        },
        "x86_64-linux": {
          "outputs": [
            {
              "name": "out",
              "path": "/nix/store/3vfknp36ylb6vij6vd631myh9kc9kkmh-opentofu-1.12.5",
              "default": true
            }
          ],
          "store_path": "/nix/store/3vfknp36ylb6vij6vd631myh9kc9kkmh-opentofu-1.12.5"
        }
      }
    },
    "sops@3.13.3": {
      "last_modified": "2026-08-27T07:16:00Z",
      "resolved": "github:NixOS/nixpkgs/c27cdad491a991b11ed731760aa2ef8db0cb0410#sops",
      "source": "devbox-search",
      "version": "3.13.3",
      "systems": {
        "aarch64-darwin": {
          "outputs": [
            {
              "name": "out",
              "path": "/nix/store/6a208hbv8padw8731r88c9hr3cyda6pq-sops-3.13.3",
              "default": true
            }
          ],
          "store_path": "/nix/store/6a208hbv8padw8731r88c9hr3cyda6pq-sops-3.13.3"
        },
        "aarch64-linux": {
          "outputs": [
            {
              "name": "out",
              "path": "/nix/store/p41fwvk4zxq3fpgmncggp8zq7ihd96mm-sops-3.13.3",
              "default": true
            }
          ],
          "store_path": "/nix/store/p41fwvk4zxq3fpgmncggp8zq7ihd96mm-sops-3.13.3"
        },
        "x86_64-linux": {
          "outputs": [
            {
              "name": "out",
              "path": "/nix/store/9vlk37b1fgklzwl5bl9xb2dk8sn947ih-sops-3.13.3",
              "default": true
            }
          ],
          "store_path": "/nix/store/9vlk37b1fgklzwl5bl9xb2dk8sn947ih-sops-3.13.3"
        }
      }
    },
    "terraform@0.12.31": {
      "last_modified": "2021-06-05T00:08:24Z",
      "resolved": "github:NixOS/nixpkgs/afdb5675a180f347bfa8ae909d4e419fb8b151bd#terraform",
      "source": "devbox-search",
      "version": "0.12.31",
      "systems": {
        "x86_64-linux": {
          "outputs": [
            {
              "path": "/tmp/containerbase/cache/nix/store/0nzwggl8sykmbigzlnkwafk9j36qb2lw-terraform-0.12.31",
              "default": true
            }
          ]
        }
      }
    },
    "terraformer@0.8.30": {
      "last_modified": "2026-08-27T07:16:00Z",
      "resolved": "github:NixOS/nixpkgs/c27cdad491a991b11ed731760aa2ef8db0cb0410#terraformer",
      "source": "devbox-search",
      "version": "0.8.30",
      "systems": {
        "aarch64-darwin": {
          "outputs": [
            {
              "name": "out",
              "path": "/nix/store/n1jccbn28d91vycs47vppkfqxkj2w72v-terraformer-0.8.30",
              "default": true
            }
          ],
          "store_path": "/nix/store/n1jccbn28d91vycs47vppkfqxkj2w72v-terraformer-0.8.30"
        },
        "aarch64-linux": {
          "outputs": [
            {
              "name": "out",
              "path": "/nix/store/6d179wcbb6a8kc7qih6kjmxcv990czdq-terraformer-0.8.30",
              "default": true
            }
          ],
          "store_path": "/nix/store/6d179wcbb6a8kc7qih6kjmxcv990czdq-terraformer-0.8.30"
        },
        "x86_64-darwin": {
          "outputs": [
            {
              "name": "out",
              "path": "/nix/store/7kwm8ix367x3fisadz79pfjf33lb49q5-terraformer-0.8.30",
              "default": true
            }
          ],
          "store_path": "/nix/store/7kwm8ix367x3fisadz79pfjf33lb49q5-terraformer-0.8.30"
        },
        "x86_64-linux": {
          "outputs": [
            {
              "name": "out",
              "path": "/nix/store/0318s0lhb1kw8hazm21rqf3y0pfgmnky-terraformer-0.8.30",
              "default": true
            }
          ],
          "store_path": "/nix/store/0318s0lhb1kw8hazm21rqf3y0pfgmnky-terraformer-0.8.30"
        }
      }
    },
    "tflint@0.64.0": {
      "last_modified": "2026-08-27T07:16:00Z",
      "resolved": "github:NixOS/nixpkgs/c27cdad491a991b11ed731760aa2ef8db0cb0410#tflint",
      "source": "devbox-search",
      "version": "0.64.0",
      "systems": {
        "aarch64-darwin": {
          "outputs": [
            {
              "name": "out",
              "path": "/nix/store/0lwk1zb1nzcswphwh0fn32vly4fw7mc1-tflint-0.64.0",
              "default": true
            }
          ],
          "store_path": "/nix/store/0lwk1zb1nzcswphwh0fn32vly4fw7mc1-tflint-0.64.0"
        },
        "aarch64-linux": {
          "outputs": [
            {
              "name": "out",
              "path": "/nix/store/v5fzgbsq906dpyb12qlsn8w8pq15spcx-tflint-0.64.0",
              "default": true
            }
          ],
          "store_path": "/nix/store/v5fzgbsq906dpyb12qlsn8w8pq15spcx-tflint-0.64.0"
        },
        "x86_64-linux": {
          "outputs": [
            {
              "name": "out",
              "path": "/nix/store/1w9yj324746zhdywl8d22jl5nxg24gny-tflint-0.64.0",
              "default": true
            }
          ],
          "store_path": "/nix/store/1w9yj324746zhdywl8d22jl5nxg24gny-tflint-0.64.0"
        }
      }
    },
    "trivy@0.74.0": {
      "last_modified": "2026-08-27T07:16:00Z",
      "resolved": "github:NixOS/nixpkgs/c27cdad491a991b11ed731760aa2ef8db0cb0410#trivy",
      "source": "devbox-search",
      "version": "0.74.0",
      "systems": {
        "aarch64-darwin": {
          "outputs": [
            {
              "name": "out",
              "path": "/nix/store/x4wzkxdl9iq18cvxjqmgfk153pv8qda5-trivy-0.74.0",
              "default": true
            }
          ],
          "store_path": "/nix/store/x4wzkxdl9iq18cvxjqmgfk153pv8qda5-trivy-0.74.0"
        },
        "aarch64-linux": {
          "outputs": [
            {
              "name": "out",
              "path": "/nix/store/7hdm6jdvfjqcffmhqhmnzfc1ddn0261n-trivy-0.74.0",
              "default": true
            }
          ],
          "store_path": "/nix/store/7hdm6jdvfjqcffmhqhmnzfc1ddn0261n-trivy-0.74.0"
        },
        "x86_64-linux": {
          "outputs": [
            {
              "name": "out",
              "path": "/nix/store/y2bs43cy44ndnwx9aqd0z9hl9cchhpnp-trivy-0.74.0",
              "default": true
            }
          ],
          "store_path": "/nix/store/y2bs43cy44ndnwx9aqd0z9hl9cchhpnp-trivy-0.74.0"
        }
      }
    },
    "yq-go@3.4.1": {
      "last_modified": "2021-01-18T12:47:57Z",
      "resolved": "github:NixOS/nixpkgs/4eccd6f731627ba5ad9915bcf600c9329a34ca78#yq-go",
      "source": "devbox-search",
      "version": "3.4.1",
      "systems": {
        "x86_64-linux": {
          "outputs": [
            {
              "path": "/tmp/containerbase/cache/nix/store/qwf44v7156952lcw2qlsxr32lm61m5ml-yq-go-3.4.1",
              "default": true
            }
          ]
        }
      }
    }
  }
}
